
Microsoft Visual Studio Solution File, Format Version 12.00
# Visual Studio 15
VisualStudioVersion = 15.0.27130.2036
MinimumVisualStudioVersion = 10.0.40219.1
Project("{FAE04EC0-301F-11D3-BF4B-00C04F79EFBC}") = "GAB.DistanceCalculation.API", "GAB.DistanceCalculation.API\GAB.DistanceCalculation.API.csproj", "{5CC80F17-B637-47C0-A95A-AE83F38C54F6}"
EndProject
Project("{FAE04EC0-301F-11D3-BF4B-00C04F79EFBC}") = "GAB.DistanceCalculation.Business", "GAB.DistanceCalculation.Business\GAB.DistanceCalculation.Business.csproj", "{EDBA61D8-F6B9-46F4-A615-48E0A3D5EE28}"
EndProject
Project("{FAE04EC0-301F-11D3-BF4B-00C04F79EFBC}") = "GAB.DistanceCalculation.Data", "GAB.DistanceCalculation.Data\GAB.DistanceCalculation.Data.csproj", "{4F19EF92-8801-439C-8A9C-FA32BC58DF20}"
EndProject
Project("{FAE04EC0-301F-11D3-BF4B-00C04F79EFBC}") = "GAB.DistanceCalculation.Model", "GAB.DistanceCalculation.Model\GAB.DistanceCalculation.Model.csproj", "{1E4ED989-9B8A-4874-B518-3E27BC34049D}"
EndProject
Global
	GlobalSection(SolutionConfigurationPlatforms) = preSolution
		Debug|Any CPU = Debug|Any CPU
		Release|Any CPU = Release|Any CPU
	EndGlobalSection
	GlobalSection(ProjectConfigurationPlatforms) = postSolution
		{5CC80F17-B637-47C0-A95A-AE83F38C54F6}.Debug|Any CPU.ActiveCfg = Debug|Any CPU
		{5CC80F17-B637-47C0-A95A-AE83F38C54F6}.Debug|Any CPU.Build.0 = Debug|Any CPU
		{5CC80F17-B637-47C0-A95A-AE83F38C54F6}.Release|Any CPU.ActiveCfg = Release|Any CPU
		{5CC80F17-B637-47C0-A95A-AE83F38C54F6}.Release|Any CPU.Build.0 = Release|Any CPU
		{EDBA61D8-F6B9-46F4-A615-48E0A3D5EE28}.Debug|Any CPU.ActiveCfg = Debug|Any CPU
		{EDBA61D8-F6B9-46F4-A615-48E0A3D5EE28}.Debug|Any CPU.Build.0 = Debug|Any CPU
		{EDBA61D8-F6B9-46F4-A615-48E0A3D5EE28}.Release|Any CPU.ActiveCfg = Release|Any CPU
		{EDBA61D8-F6B9-46F4-A615-48E0A3D5EE28}.Release|Any CPU.Build.0 = Release|Any CPU
		{4F19EF92-8801-439C-8A9C-FA32BC58DF20}.Debug|Any CPU.ActiveCfg = Debug|Any CPU
		{4F19EF92-8801-439C-8A9C-FA32BC58DF20}.Debug|Any CPU.Build.0 = Debug|Any CPU
		{4F19EF92-8801-439C-8A9C-FA32BC58DF20}.Release|Any CPU.ActiveCfg = Release|Any CPU
		{4F19EF92-8801-439C-8A9C-FA32BC58DF20}.Release|Any CPU.Build.0 = Release|Any CPU
		{1E4ED989-9B8A-4874-B518-3E27BC34049D}.Debug|Any CPU.ActiveCfg = Debug|Any CPU
		{1E4ED989-9B8A-4874-B518-3E27BC34049D}.Debug|Any CPU.Build.0 = Debug|Any CPU
		{1E4ED989-9B8A-4874-B518-3E27BC34049D}.Release|Any CPU.ActiveCfg = Release|Any CPU
		{1E4ED989-9B8A-4874-B518-3E27BC34049D}.Release|Any CPU.Build.0 = Release|Any CPU
	EndGlobalSection
	GlobalSection(SolutionProperties) = preSolution
		HideSolutionNode = FALSE
	EndGlobalSection
	GlobalSection(ExtensibilityGlobals) = postSolution
		SolutionGuid = {4980EA84-0663-4068-A60E-B4E6E8F86174}
	EndGlobalSection
EndGlobal
